// !$*UTF8*$!
{
	archiveVersion = 1;
	classes = {
	};
	objectVersion = 50;
	objects = {

/* Begin PBXBuildFile section */
		8414719624266A910004765D /* Texture.swift in Sources */ = {isa = PBXBuildFile; fileRef = 8414719524266A910004765D /* Texture.swift */; };
		8414719724266A910004765D /* Texture.swift in Sources */ = {isa = PBXBuildFile; fileRef = 8414719524266A910004765D /* Texture.swift */; };
		8414719824266A910004765D /* Texture.swift in Sources */ = {isa = PBXBuildFile; fileRef = 8414719524266A910004765D /* Texture.swift */; };
		8414719E242688D10004765D /* ImageOrientation.swift in Sources */ = {isa = PBXBuildFile; fileRef = 8414719D242688D10004765D /* ImageOrientation.swift */; };
		8414719F242688D10004765D /* ImageOrientation.swift in Sources */ = {isa = PBXBuildFile; fileRef = 8414719D242688D10004765D /* ImageOrientation.swift */; };
		841471A0242688D10004765D /* ImageOrientation.swift in Sources */ = {isa = PBXBuildFile; fileRef = 8414719D242688D10004765D /* ImageOrientation.swift */; };
		841471A22426AC1F0004765D /* PictureInput.swift in Sources */ = {isa = PBXBuildFile; fileRef = 841471A12426AC1F0004765D /* PictureInput.swift */; };
		841471A32426AC1F0004765D /* PictureInput.swift in Sources */ = {isa = PBXBuildFile; fileRef = 841471A12426AC1F0004765D /* PictureInput.swift */; };
		841471A42426AC1F0004765D /* PictureInput.swift in Sources */ = {isa = PBXBuildFile; fileRef = 841471A12426AC1F0004765D /* PictureInput.swift */; };
		8427CE8C246D5C46000780FD /* BilinearScale.swift in Sources */ = {isa = PBXBuildFile; fileRef = 8427CE8B246D5C46000780FD /* BilinearScale.swift */; };
		8427CE8D246D5C46000780FD /* BilinearScale.swift in Sources */ = {isa = PBXBuildFile; fileRef = 8427CE8B246D5C46000780FD /* BilinearScale.swift */; };
		8427CE8E246D5C46000780FD /* BilinearScale.swift in Sources */ = {isa = PBXBuildFile; fileRef = 8427CE8B246D5C46000780FD /* BilinearScale.swift */; };
		8427CE90246D61BC000780FD /* ResizeTexture.swift in Sources */ = {isa = PBXBuildFile; fileRef = 8427CE8F246D61BC000780FD /* ResizeTexture.swift */; };
		8427CE91246D61BC000780FD /* ResizeTexture.swift in Sources */ = {isa = PBXBuildFile; fileRef = 8427CE8F246D61BC000780FD /* ResizeTexture.swift */; };
		8427CE92246D61BC000780FD /* ResizeTexture.swift in Sources */ = {isa = PBXBuildFile; fileRef = 8427CE8F246D61BC000780FD /* ResizeTexture.swift */; };
		8428C1C1246DD1B2002E5F7D /* SobelEdgeDetection.swift in Sources */ = {isa = PBXBuildFile; fileRef = 8428C1C0246DD1B2002E5F7D /* SobelEdgeDetection.swift */; };
		8428C1C2246DD1B2002E5F7D /* SobelEdgeDetection.swift in Sources */ = {isa = PBXBuildFile; fileRef = 8428C1C0246DD1B2002E5F7D /* SobelEdgeDetection.swift */; };
		8428C1C3246DD1B2002E5F7D /* SobelEdgeDetection.swift in Sources */ = {isa = PBXBuildFile; fileRef = 8428C1C0246DD1B2002E5F7D /* SobelEdgeDetection.swift */; };
		8428C1C5246DD7E9002E5F7D /* LaplacianEdgeDetection.swift in Sources */ = {isa = PBXBuildFile; fileRef = 8428C1C4246DD7E9002E5F7D /* LaplacianEdgeDetection.swift */; };
		8428C1C6246DD7E9002E5F7D /* LaplacianEdgeDetection.swift in Sources */ = {isa = PBXBuildFile; fileRef = 8428C1C4246DD7E9002E5F7D /* LaplacianEdgeDetection.swift */; };
		8428C1C7246DD7E9002E5F7D /* LaplacianEdgeDetection.swift in Sources */ = {isa = PBXBuildFile; fileRef = 8428C1C4246DD7E9002E5F7D /* LaplacianEdgeDetection.swift */; };
		8428C1C9246DEC6D002E5F7D /* MedianBlur.swift in Sources */ = {isa = PBXBuildFile; fileRef = 8428C1C8246DEC6D002E5F7D /* MedianBlur.swift */; };
		8428C1CA246DEC6D002E5F7D /* MedianBlur.swift in Sources */ = {isa = PBXBuildFile; fileRef = 8428C1C8246DEC6D002E5F7D /* MedianBlur.swift */; };
		8428C1CB246DEC6D002E5F7D /* MedianBlur.swift in Sources */ = {isa = PBXBuildFile; fileRef = 8428C1C8246DEC6D002E5F7D /* MedianBlur.swift */; };
		8428C1CD246EE2BB002E5F7D /* WhiteBalance.swift in Sources */ = {isa = PBXBuildFile; fileRef = 8428C1CC246EE2BB002E5F7D /* WhiteBalance.swift */; };
		8428C1CE246EE2BB002E5F7D /* WhiteBalance.swift in Sources */ = {isa = PBXBuildFile; fileRef = 8428C1CC246EE2BB002E5F7D /* WhiteBalance.swift */; };
		8428C1CF246EE2BB002E5F7D /* WhiteBalance.swift in Sources */ = {isa = PBXBuildFile; fileRef = 8428C1CC246EE2BB002E5F7D /* WhiteBalance.swift */; };
		843DB8C2240F09E4005CCB77 /* Pipeline.swift in Sources */ = {isa = PBXBuildFile; fileRef = 843DB8C0240F09E4005CCB77 /* Pipeline.swift */; };
		843DB8C3240F09E4005CCB77 /* Pipeline.swift in Sources */ = {isa = PBXBuildFile; fileRef = 843DB8C0240F09E4005CCB77 /* Pipeline.swift */; };
		843DB8C4240F09E4005CCB77 /* Pipeline.swift in Sources */ = {isa = PBXBuildFile; fileRef = 843DB8C0240F09E4005CCB77 /* Pipeline.swift */; };
		843DB8C5240F09E4005CCB77 /* MIContext.swift in Sources */ = {isa = PBXBuildFile; fileRef = 843DB8C1240F09E4005CCB77 /* MIContext.swift */; };
		843DB8C6240F09E4005CCB77 /* MIContext.swift in Sources */ = {isa = PBXBuildFile; fileRef = 843DB8C1240F09E4005CCB77 /* MIContext.swift */; };
		843DB8C7240F09E4005CCB77 /* MIContext.swift in Sources */ = {isa = PBXBuildFile; fileRef = 843DB8C1240F09E4005CCB77 /* MIContext.swift */; };
		843FED91246C0BC40091C63E /* BrightnessAdjustment.swift in Sources */ = {isa = PBXBuildFile; fileRef = 843FED90246C0BC40091C63E /* BrightnessAdjustment.swift */; };
		843FED92246C0BC40091C63E /* BrightnessAdjustment.swift in Sources */ = {isa = PBXBuildFile; fileRef = 843FED90246C0BC40091C63E /* BrightnessAdjustment.swift */; };
		843FED93246C0BC40091C63E /* BrightnessAdjustment.swift in Sources */ = {isa = PBXBuildFile; fileRef = 843FED90246C0BC40091C63E /* BrightnessAdjustment.swift */; };
		843FED95246C14BF0091C63E /* ContrastAdjustment.swift in Sources */ = {isa = PBXBuildFile; fileRef = 843FED94246C14BF0091C63E /* ContrastAdjustment.swift */; };
		843FED96246C14BF0091C63E /* ContrastAdjustment.swift in Sources */ = {isa = PBXBuildFile; fileRef = 843FED94246C14BF0091C63E /* ContrastAdjustment.swift */; };
		843FED97246C14BF0091C63E /* ContrastAdjustment.swift in Sources */ = {isa = PBXBuildFile; fileRef = 843FED94246C14BF0091C63E /* ContrastAdjustment.swift */; };
		844311AA2450263100CA3151 /* ShaderTypes.h in Headers */ = {isa = PBXBuildFile; fileRef = 844311A92450263100CA3151 /* ShaderTypes.h */; };
		844311AB2450263100CA3151 /* ShaderTypes.h in Headers */ = {isa = PBXBuildFile; fileRef = 844311A92450263100CA3151 /* ShaderTypes.h */; };
		844311AC2450263100CA3151 /* ShaderTypes.h in Headers */ = {isa = PBXBuildFile; fileRef = 844311A92450263100CA3151 /* ShaderTypes.h */; };
		844311AF2450278400CA3151 /* SatuationAdjustment.swift in Sources */ = {isa = PBXBuildFile; fileRef = 844311AE2450278400CA3151 /* SatuationAdjustment.swift */; };
		844311B02450278400CA3151 /* SatuationAdjustment.swift in Sources */ = {isa = PBXBuildFile; fileRef = 844311AE2450278400CA3151 /* SatuationAdjustment.swift */; };
		844311B12450278400CA3151 /* SatuationAdjustment.swift in Sources */ = {isa = PBXBuildFile; fileRef = 844311AE2450278400CA3151 /* SatuationAdjustment.swift */; };
		84433A112461AA3800701FDE /* AreaMin.swift in Sources */ = {isa = PBXBuildFile; fileRef = 84433A102461AA3800701FDE /* AreaMin.swift */; };
		84433A122461AA3800701FDE /* AreaMin.swift in Sources */ = {isa = PBXBuildFile; fileRef = 84433A102461AA3800701FDE /* AreaMin.swift */; };
		84433A132461AA3800701FDE /* AreaMin.swift in Sources */ = {isa = PBXBuildFile; fileRef = 84433A102461AA3800701FDE /* AreaMin.swift */; };
		8473CD40246C91AE001A6F19 /* LanzosScale.swift in Sources */ = {isa = PBXBuildFile; fileRef = 8473CD3F246C91AE001A6F19 /* LanzosScale.swift */; };
		8473CD41246C91AE001A6F19 /* LanzosScale.swift in Sources */ = {isa = PBXBuildFile; fileRef = 8473CD3F246C91AE001A6F19 /* LanzosScale.swift */; };
		8473CD42246C91AE001A6F19 /* LanzosScale.swift in Sources */ = {isa = PBXBuildFile; fileRef = 8473CD3F246C91AE001A6F19 /* LanzosScale.swift */; };
		847BDACB2446649F001285D3 /* BoxBlur.swift in Sources */ = {isa = PBXBuildFile; fileRef = 847BDACA2446649F001285D3 /* BoxBlur.swift */; };
		847BDACC2446649F001285D3 /* BoxBlur.swift in Sources */ = {isa = PBXBuildFile; fileRef = 847BDACA2446649F001285D3 /* BoxBlur.swift */; };
		847BDACD2446649F001285D3 /* BoxBlur.swift in Sources */ = {isa = PBXBuildFile; fileRef = 847BDACA2446649F001285D3 /* BoxBlur.swift */; };
		847D5C60245267B300B6261E /* AreaMax.swift in Sources */ = {isa = PBXBuildFile; fileRef = 847D5C5F245267B300B6261E /* AreaMax.swift */; };
		847D5C61245267B300B6261E /* AreaMax.swift in Sources */ = {isa = PBXBuildFile; fileRef = 847D5C5F245267B300B6261E /* AreaMax.swift */; };
		847D5C62245267B300B6261E /* AreaMax.swift in Sources */ = {isa = PBXBuildFile; fileRef = 847D5C5F245267B300B6261E /* AreaMax.swift */; };
		847D657D241EA5840034D900 /* ImageView.swift in Sources */ = {isa = PBXBuildFile; fileRef = 847D657C241EA5840034D900 /* ImageView.swift */; };
		847D657E241EA5840034D900 /* ImageView.swift in Sources */ = {isa = PBXBuildFile; fileRef = 847D657C241EA5840034D900 /* ImageView.swift */; };
		847D657F241EA5840034D900 /* ImageView.swift in Sources */ = {isa = PBXBuildFile; fileRef = 847D657C241EA5840034D900 /* ImageView.swift */; };
		8487685F2458087C005D290E /* Camera.swift in Sources */ = {isa = PBXBuildFile; fileRef = 8487685E2458087C005D290E /* Camera.swift */; };
		848768602458087C005D290E /* Camera.swift in Sources */ = {isa = PBXBuildFile; fileRef = 8487685E2458087C005D290E /* Camera.swift */; };
		848768612458087C005D290E /* Camera.swift in Sources */ = {isa = PBXBuildFile; fileRef = 8487685E2458087C005D290E /* Camera.swift */; };
		848E5576242D2D3E008952A0 /* MTLCommandBuffer+Rendering.swift in Sources */ = {isa = PBXBuildFile; fileRef = 848E5575242D2D3E008952A0 /* MTLCommandBuffer+Rendering.swift */; };
		848E5577242D2D3E008952A0 /* MTLCommandBuffer+Rendering.swift in Sources */ = {isa = PBXBuildFile; fileRef = 848E5575242D2D3E008952A0 /* MTLCommandBuffer+Rendering.swift */; };
		848E5578242D2D3E008952A0 /* MTLCommandBuffer+Rendering.swift in Sources */ = {isa = PBXBuildFile; fileRef = 848E5575242D2D3E008952A0 /* MTLCommandBuffer+Rendering.swift */; };
		84921926244F91170050EBE3 /* Shaders.metal in Sources */ = {isa = PBXBuildFile; fileRef = 84921925244F91170050EBE3 /* Shaders.metal */; };
		84921927244F91170050EBE3 /* Shaders.metal in Sources */ = {isa = PBXBuildFile; fileRef = 84921925244F91170050EBE3 /* Shaders.metal */; };
		84921928244F91170050EBE3 /* Shaders.metal in Sources */ = {isa = PBXBuildFile; fileRef = 84921925244F91170050EBE3 /* Shaders.metal */; };
		849825A2243391AF0084BEAB /* Rendering.swift in Sources */ = {isa = PBXBuildFile; fileRef = 849825A1243391AF0084BEAB /* Rendering.swift */; };
		849825A3243391AF0084BEAB /* Rendering.swift in Sources */ = {isa = PBXBuildFile; fileRef = 849825A1243391AF0084BEAB /* Rendering.swift */; };
		849825A4243391AF0084BEAB /* Rendering.swift in Sources */ = {isa = PBXBuildFile; fileRef = 849825A1243391AF0084BEAB /* Rendering.swift */; };
		849825A72433C8700084BEAB /* Basic.metal in Sources */ = {isa = PBXBuildFile; fileRef = 849825A62433C8700084BEAB /* Basic.metal */; };
		849825A82433C8700084BEAB /* Basic.metal in Sources */ = {isa = PBXBuildFile; fileRef = 849825A62433C8700084BEAB /* Basic.metal */; };
		849825A92433C8700084BEAB /* Basic.metal in Sources */ = {isa = PBXBuildFile; fileRef = 849825A62433C8700084BEAB /* Basic.metal */; };
		849FA7562443E18C00CDEE2C /* BasicFilter.swift in Sources */ = {isa = PBXBuildFile; fileRef = 849FA7552443E18C00CDEE2C /* BasicFilter.swift */; };
		849FA7572443E18C00CDEE2C /* BasicFilter.swift in Sources */ = {isa = PBXBuildFile; fileRef = 849FA7552443E18C00CDEE2C /* BasicFilter.swift */; };
		849FA7582443E18C00CDEE2C /* BasicFilter.swift in Sources */ = {isa = PBXBuildFile; fileRef = 849FA7552443E18C00CDEE2C /* BasicFilter.swift */; };
		84A38CC7246733B500BAF107 /* CGSize+Flip.swift in Sources */ = {isa = PBXBuildFile; fileRef = 84A38CC6246733B500BAF107 /* CGSize+Flip.swift */; };
		84A38CC8246733B500BAF107 /* CGSize+Flip.swift in Sources */ = {isa = PBXBuildFile; fileRef = 84A38CC6246733B500BAF107 /* CGSize+Flip.swift */; };
		84A38CC9246733B500BAF107 /* CGSize+Flip.swift in Sources */ = {isa = PBXBuildFile; fileRef = 84A38CC6246733B500BAF107 /* CGSize+Flip.swift */; };
		84A38CCB2468266D00BAF107 /* TentBlur.swift in Sources */ = {isa = PBXBuildFile; fileRef = 84A38CCA2468266D00BAF107 /* TentBlur.swift */; };
		84A38CCC2468266D00BAF107 /* TentBlur.swift in Sources */ = {isa = PBXBuildFile; fileRef = 84A38CCA2468266D00BAF107 /* TentBlur.swift */; };
		84A38CCD2468266D00BAF107 /* TentBlur.swift in Sources */ = {isa = PBXBuildFile; fileRef = 84A38CCA2468266D00BAF107 /* TentBlur.swift */; };
		84B1E0E2247AF20C0045A555 /* ThresholdBinary.swift in Sources */ = {isa = PBXBuildFile; fileRef = 84B1E0E1247AF20C0045A555 /* ThresholdBinary.swift */; };
		84B1E0E3247AF20C0045A555 /* ThresholdBinary.swift in Sources */ = {isa = PBXBuildFile; fileRef = 84B1E0E1247AF20C0045A555 /* ThresholdBinary.swift */; };
		84B1E0E4247AF20C0045A555 /* ThresholdBinary.swift in Sources */ = {isa = PBXBuildFile; fileRef = 84B1E0E1247AF20C0045A555 /* ThresholdBinary.swift */; };
		84CFC19924322B1900774234 /* PictureOutput.swift in Sources */ = {isa = PBXBuildFile; fileRef = 84CFC19824322B1900774234 /* PictureOutput.swift */; };
		84CFC19A24322B1900774234 /* PictureOutput.swift in Sources */ = {isa = PBXBuildFile; fileRef = 84CFC19824322B1900774234 /* PictureOutput.swift */; };
		84CFC19B24322B1900774234 /* PictureOutput.swift in Sources */ = {isa = PBXBuildFile; fileRef = 84CFC19824322B1900774234 /* PictureOutput.swift */; };
		84D8EAF0244BC4D6004AB8B7 /* BasicMPSFilter.swift in Sources */ = {isa = PBXBuildFile; fileRef = 84D8EAEF244BC4D6004AB8B7 /* BasicMPSFilter.swift */; };
		84D8EAF1244BC4D6004AB8B7 /* BasicMPSFilter.swift in Sources */ = {isa = PBXBuildFile; fileRef = 84D8EAEF244BC4D6004AB8B7 /* BasicMPSFilter.swift */; };
		84D8EAF2244BC4D6004AB8B7 /* BasicMPSFilter.swift in Sources */ = {isa = PBXBuildFile; fileRef = 84D8EAEF244BC4D6004AB8B7 /* BasicMPSFilter.swift */; };
		84D8EAF4244C02DA004AB8B7 /* GaussianBlur.swift in Sources */ = {isa = PBXBuildFile; fileRef = 84D8EAF3244C02DA004AB8B7 /* GaussianBlur.swift */; };
		84D8EAF5244C02DA004AB8B7 /* GaussianBlur.swift in Sources */ = {isa = PBXBuildFile; fileRef = 84D8EAF3244C02DA004AB8B7 /* GaussianBlur.swift */; };
		84D8EAF6244C02DA004AB8B7 /* GaussianBlur.swift in Sources */ = {isa = PBXBuildFile; fileRef = 84D8EAF3244C02DA004AB8B7 /* GaussianBlur.swift */; };
		84EB5AAB246F04F700F157A9 /* HueAdjustment.swift in Sources */ = {isa = PBXBuildFile; fileRef = 84EB5AAA246F04F700F157A9 /* HueAdjustment.swift */; };
		84EB5AAC246F04F700F157A9 /* HueAdjustment.swift in Sources */ = {isa = PBXBuildFile; fileRef = 84EB5AAA246F04F700F157A9 /* HueAdjustment.swift */; };
		84EB5AAD246F04F700F157A9 /* HueAdjustment.swift in Sources */ = {isa = PBXBuildFile; fileRef = 84EB5AAA246F04F700F157A9 /* HueAdjustment.swift */; };
		84EB5AB0246F0C6800F157A9 /* Sharpen.swift in Sources */ = {isa = PBXBuildFile; fileRef = 84EB5AAF246F0C6800F157A9 /* Sharpen.swift */; };
		84EB5AB1246F0C6800F157A9 /* Sharpen.swift in Sources */ = {isa = PBXBuildFile; fileRef = 84EB5AAF246F0C6800F157A9 /* Sharpen.swift */; };
		84EB5AB2246F0C6800F157A9 /* Sharpen.swift in Sources */ = {isa = PBXBuildFile; fileRef = 84EB5AAF246F0C6800F157A9 /* Sharpen.swift */; };
		84EE8D202469C1D600F67F45 /* MovieOutput.swift in Sources */ = {isa = PBXBuildFile; fileRef = 84EE8D1F2469C1D600F67F45 /* MovieOutput.swift */; };
		84EE8D212469C1D600F67F45 /* MovieOutput.swift in Sources */ = {isa = PBXBuildFile; fileRef = 84EE8D1F2469C1D600F67F45 /* MovieOutput.swift */; };
		84EE8D222469C1D600F67F45 /* MovieOutput.swift in Sources */ = {isa = PBXBuildFile; fileRef = 84EE8D1F2469C1D600F67F45 /* MovieOutput.swift */; };
		84F6A92A240F906200B22DD9 /* MetalPerformanceShaders.framework in Frameworks */ = {isa = PBXBuildFile; fileRef = 84F6A927240F906200B22DD9 /* MetalPerformanceShaders.framework */; };
		84F6A92B240F906200B22DD9 /* Metal.framework in Frameworks */ = {isa = PBXBuildFile; fileRef = 84F6A928240F906200B22DD9 /* Metal.framework */; };
		84F6A92C240F906200B22DD9 /* MetalKit.framework in Frameworks */ = {isa = PBXBuildFile; fileRef = 84F6A929240F906200B22DD9 /* MetalKit.framework */; };
		84F6A92D240F907200B22DD9 /* Metal.framework in Frameworks */ = {isa = PBXBuildFile; fileRef = 84F6A928240F906200B22DD9 /* Metal.framework */; };
		84F6A92E240F907200B22DD9 /* MetalKit.framework in Frameworks */ = {isa = PBXBuildFile; fileRef = 84F6A929240F906200B22DD9 /* MetalKit.framework */; };
		84F6A92F240F907200B22DD9 /* MetalPerformanceShaders.framework in Frameworks */ = {isa = PBXBuildFile; fileRef = 84F6A927240F906200B22DD9 /* MetalPerformanceShaders.framework */; };
		84F6A933240F907800B22DD9 /* MetalPerformanceShaders.framework in Frameworks */ = {isa = PBXBuildFile; fileRef = 84F6A930240F907800B22DD9 /* MetalPerformanceShaders.framework */; };
		84F6A934240F907800B22DD9 /* MetalKit.framework in Frameworks */ = {isa = PBXBuildFile; fileRef = 84F6A931240F907800B22DD9 /* MetalKit.framework */; };
		84F6A935240F907800B22DD9 /* Metal.framework in Frameworks */ = {isa = PBXBuildFile; fileRef = 84F6A932240F907800B22DD9 /* Metal.framework */; };
/* End PBXBuildFile section */

/* Begin PBXFileReference section */
		8414719524266A910004765D /* Texture.swift */ = {isa = PBXFileReference; lastKnownFileType = sourcecode.swift; path = Texture.swift; sourceTree = "<group>"; };
		8414719D242688D10004765D /* ImageOrientation.swift */ = {isa = PBXFileReference; lastKnownFileType = sourcecode.swift; path = ImageOrientation.swift; sourceTree = "<group>"; };
		841471A12426AC1F0004765D /* PictureInput.swift */ = {isa = PBXFileReference; lastKnownFileType = sourcecode.swift; path = PictureInput.swift; sourceTree = "<group>"; };
		8427CE8B246D5C46000780FD /* BilinearScale.swift */ = {isa = PBXFileReference; lastKnownFileType = sourcecode.swift; path = BilinearScale.swift; sourceTree = "<group>"; };
		8427CE8F246D61BC000780FD /* ResizeTexture.swift */ = {isa = PBXFileReference; lastKnownFileType = sourcecode.swift; path = ResizeTexture.swift; sourceTree = "<group>"; };
		8428C1C0246DD1B2002E5F7D /* SobelEdgeDetection.swift */ = {isa = PBXFileReference; lastKnownFileType = sourcecode.swift; path = SobelEdgeDetection.swift; sourceTree = "<group>"; };
		8428C1C4246DD7E9002E5F7D /* LaplacianEdgeDetection.swift */ = {isa = PBXFileReference; lastKnownFileType = sourcecode.swift; path = LaplacianEdgeDetection.swift; sourceTree = "<group>"; };
		8428C1C8246DEC6D002E5F7D /* MedianBlur.swift */ = {isa = PBXFileReference; lastKnownFileType = sourcecode.swift; path = MedianBlur.swift; sourceTree = "<group>"; };
		8428C1CC246EE2BB002E5F7D /* WhiteBalance.swift */ = {isa = PBXFileReference; lastKnownFileType = sourcecode.swift; path = WhiteBalance.swift; sourceTree = "<group>"; };
		843DB88A240F0438005CCB77 /* MetallicImage.framework */ = {isa = PBXFileReference; explicitFileType = wrapper.framework; includeInIndex = 0; path = MetallicImage.framework; sourceTree = BUILT_PRODUCTS_DIR; };
		843DB8A7240F04A0005CCB77 /* MetallicImage.framework */ = {isa = PBXFileReference; explicitFileType = wrapper.framework; includeInIndex = 0; path = MetallicImage.framework; sourceTree = BUILT_PRODUCTS_DIR; };
		843DB8B4240F0619005CCB77 /* MetallicImage.framework */ = {isa = PBXFileReference; explicitFileType = wrapper.framework; includeInIndex = 0; path = MetallicImage.framework; sourceTree = BUILT_PRODUCTS_DIR; };
		843DB8C0240F09E4005CCB77 /* Pipeline.swift */ = {isa = PBXFileReference; fileEncoding = 4; lastKnownFileType = sourcecode.swift; path = Pipeline.swift; sourceTree = "<group>"; };
		843DB8C1240F09E4005CCB77 /* MIContext.swift */ = {isa = PBXFileReference; fileEncoding = 4; lastKnownFileType = sourcecode.swift; path = MIContext.swift; sourceTree = "<group>"; };
		843FED90246C0BC40091C63E /* BrightnessAdjustment.swift */ = {isa = PBXFileReference; lastKnownFileType = sourcecode.swift; path = BrightnessAdjustment.swift; sourceTree = "<group>"; };
		843FED94246C14BF0091C63E /* ContrastAdjustment.swift */ = {isa = PBXFileReference; lastKnownFileType = sourcecode.swift; path = ContrastAdjustment.swift; sourceTree = "<group>"; };
		844311A92450263100CA3151 /* ShaderTypes.h */ = {isa = PBXFileReference; lastKnownFileType = sourcecode.c.h; path = ShaderTypes.h; sourceTree = "<group>"; };
		844311AE2450278400CA3151 /* SatuationAdjustment.swift */ = {isa = PBXFileReference; lastKnownFileType = sourcecode.swift; path = SatuationAdjustment.swift; sourceTree = "<group>"; };
		84433A102461AA3800701FDE /* AreaMin.swift */ = {isa = PBXFileReference; lastKnownFileType = sourcecode.swift; path = AreaMin.swift; sourceTree = "<group>"; };
		8473CD3F246C91AE001A6F19 /* LanzosScale.swift */ = {isa = PBXFileReference; lastKnownFileType = sourcecode.swift; path = LanzosScale.swift; sourceTree = "<group>"; };
		847BDACA2446649F001285D3 /* BoxBlur.swift */ = {isa = PBXFileReference; lastKnownFileType = sourcecode.swift; path = BoxBlur.swift; sourceTree = "<group>"; };
		847D5C5F245267B300B6261E /* AreaMax.swift */ = {isa = PBXFileReference; lastKnownFileType = sourcecode.swift; path = AreaMax.swift; sourceTree = "<group>"; };
		847D657C241EA5840034D900 /* ImageView.swift */ = {isa = PBXFileReference; lastKnownFileType = sourcecode.swift; name = ImageView.swift; path = MetallicImage/Outputs/ImageView.swift; sourceTree = SOURCE_ROOT; };
		8487685E2458087C005D290E /* Camera.swift */ = {isa = PBXFileReference; lastKnownFileType = sourcecode.swift; path = Camera.swift; sourceTree = "<group>"; };
		848E5575242D2D3E008952A0 /* MTLCommandBuffer+Rendering.swift */ = {isa = PBXFileReference; lastKnownFileType = sourcecode.swift; path = "MTLCommandBuffer+Rendering.swift"; sourceTree = "<group>"; };
		84921925244F91170050EBE3 /* Shaders.metal */ = {isa = PBXFileReference; lastKnownFileType = sourcecode.metal; path = Shaders.metal; sourceTree = "<group>"; };
		849825A1243391AF0084BEAB /* Rendering.swift */ = {isa = PBXFileReference; lastKnownFileType = sourcecode.swift; path = Rendering.swift; sourceTree = "<group>"; };
		849825A62433C8700084BEAB /* Basic.metal */ = {isa = PBXFileReference; lastKnownFileType = sourcecode.metal; path = Basic.metal; sourceTree = "<group>"; };
		849FA7552443E18C00CDEE2C /* BasicFilter.swift */ = {isa = PBXFileReference; lastKnownFileType = sourcecode.swift; path = BasicFilter.swift; sourceTree = "<group>"; };
		84A38CC6246733B500BAF107 /* CGSize+Flip.swift */ = {isa = PBXFileReference; lastKnownFileType = sourcecode.swift; path = "CGSize+Flip.swift"; sourceTree = "<group>"; };
		84A38CCA2468266D00BAF107 /* TentBlur.swift */ = {isa = PBXFileReference; lastKnownFileType = sourcecode.swift; path = TentBlur.swift; sourceTree = "<group>"; };
		84B1E0E1247AF20C0045A555 /* ThresholdBinary.swift */ = {isa = PBXFileReference; lastKnownFileType = sourcecode.swift; path = ThresholdBinary.swift; sourceTree = "<group>"; };
		84CFC19824322B1900774234 /* PictureOutput.swift */ = {isa = PBXFileReference; lastKnownFileType = sourcecode.swift; path = PictureOutput.swift; sourceTree = "<group>"; };
		84D8EAEF244BC4D6004AB8B7 /* BasicMPSFilter.swift */ = {isa = PBXFileReference; lastKnownFileType = sourcecode.swift; path = BasicMPSFilter.swift; sourceTree = "<group>"; };
		84D8EAF3244C02DA004AB8B7 /* GaussianBlur.swift */ = {isa = PBXFileReference; lastKnownFileType = sourcecode.swift; path = GaussianBlur.swift; sourceTree = "<group>"; };
		84EB5AAA246F04F700F157A9 /* HueAdjustment.swift */ = {isa = PBXFileReference; lastKnownFileType = sourcecode.swift; path = HueAdjustment.swift; sourceTree = "<group>"; };
		84EB5AAF246F0C6800F157A9 /* Sharpen.swift */ = {isa = PBXFileReference; lastKnownFileType = sourcecode.swift; path = Sharpen.swift; sourceTree = "<group>"; };
		84EE8D1F2469C1D600F67F45 /* MovieOutput.swift */ = {isa = PBXFileReference; lastKnownFileType = sourcecode.swift; path = MovieOutput.swift; sourceTree = "<group>"; };
		84F6A927240F906200B22DD9 /* MetalPerformanceShaders.framework */ = {isa = PBXFileReference; lastKnownFileType = wrapper.framework; name = MetalPerformanceShaders.framework; path = Platforms/MacOSX.platform/Developer/SDKs/MacOSX10.15.sdk/System/Library/Frameworks/MetalPerformanceShaders.framework; sourceTree = DEVELOPER_DIR; };
		84F6A928240F906200B22DD9 /* Metal.framework */ = {isa = PBXFileReference; lastKnownFileType = wrapper.framework; name = Metal.framework; path = Platforms/MacOSX.platform/Developer/SDKs/MacOSX10.15.sdk/System/Library/Frameworks/Metal.framework; sourceTree = DEVELOPER_DIR; };
		84F6A929240F906200B22DD9 /* MetalKit.framework */ = {isa = PBXFileReference; lastKnownFileType = wrapper.framework; name = MetalKit.framework; path = Platforms/MacOSX.platform/Developer/SDKs/MacOSX10.15.sdk/System/Library/Frameworks/MetalKit.framework; sourceTree = DEVELOPER_DIR; };
		84F6A930240F907800B22DD9 /* MetalPerformanceShaders.framework */ = {isa = PBXFileReference; lastKnownFileType = wrapper.framework; name = MetalPerformanceShaders.framework; path = Platforms/AppleTVOS.platform/Developer/SDKs/AppleTVOS13.2.sdk/System/Library/Frameworks/MetalPerformanceShaders.framework; sourceTree = DEVELOPER_DIR; };
		84F6A931240F907800B22DD9 /* MetalKit.framework */ = {isa = PBXFileReference; lastKnownFileType = wrapper.framework; name = MetalKit.framework; path = Platforms/AppleTVOS.platform/Developer/SDKs/AppleTVOS13.2.sdk/System/Library/Frameworks/MetalKit.framework; sourceTree = DEVELOPER_DIR; };
		84F6A932240F907800B22DD9 /* Metal.framework */ = {isa = PBXFileReference; lastKnownFileType = wrapper.framework; name = Metal.framework; path = Platforms/AppleTVOS.platform/Developer/SDKs/AppleTVOS13.2.sdk/System/Library/Frameworks/Metal.framework; sourceTree = DEVELOPER_DIR; };
		84F6A936240F91C500B22DD9 /* libswiftDispatch.tbd */ = {isa = PBXFileReference; lastKnownFileType = "sourcecode.text-based-dylib-definition"; name = libswiftDispatch.tbd; path = Platforms/AppleTVOS.platform/Developer/SDKs/AppleTVOS13.2.sdk/usr/lib/swift/libswiftDispatch.tbd; sourceTree = DEVELOPER_DIR; };
/* End PBXFileReference section */

/* Begin PBXFrameworksBuildPhase section */
		843DB887240F0438005CCB77 /* Frameworks */ = {
			isa = PBXFrameworksBuildPhase;
			buildActionMask = 2147483647;
			files = (
				84F6A92A240F906200B22DD9 /* MetalPerformanceShaders.framework in Frameworks */,
				84F6A92B240F906200B22DD9 /* Metal.framework in Frameworks */,
				84F6A92C240F906200B22DD9 /* MetalKit.framework in Frameworks */,
			);
			runOnlyForDeploymentPostprocessing = 0;
		};
		843DB8A4240F04A0005CCB77 /* Frameworks */ = {
			isa = PBXFrameworksBuildPhase;
			buildActionMask = 2147483647;
			files = (
				84F6A92D240F907200B22DD9 /* Metal.framework in Frameworks */,
				84F6A92E240F907200B22DD9 /* MetalKit.framework in Frameworks */,
				84F6A92F240F907200B22DD9 /* MetalPerformanceShaders.framework in Frameworks */,
			);
			runOnlyForDeploymentPostprocessing = 0;
		};
		843DB8B1240F0619005CCB77 /* Frameworks */ = {
			isa = PBXFrameworksBuildPhase;
			buildActionMask = 2147483647;
			files = (
				84F6A933240F907800B22DD9 /* MetalPerformanceShaders.framework in Frameworks */,
				84F6A934240F907800B22DD9 /* MetalKit.framework in Frameworks */,
				84F6A935240F907800B22DD9 /* Metal.framework in Frameworks */,
			);
			runOnlyForDeploymentPostprocessing = 0;
		};
/* End PBXFrameworksBuildPhase section */

/* Begin PBXGroup section */
		843DB880240F0438005CCB77 = {
			isa = PBXGroup;
			children = (
				843DB88C240F0438005CCB77 /* MetallicImage */,
				843DB88B240F0438005CCB77 /* Products */,
				84F6A926240F906200B22DD9 /* Frameworks */,
			);
			sourceTree = "<group>";
		};
		843DB88B240F0438005CCB77 /* Products */ = {
			isa = PBXGroup;
			children = (
				843DB88A240F0438005CCB77 /* MetallicImage.framework */,
				843DB8A7240F04A0005CCB77 /* MetallicImage.framework */,
				843DB8B4240F0619005CCB77 /* MetallicImage.framework */,
			);
			name = Products;
			sourceTree = "<group>";
		};
		843DB88C240F0438005CCB77 /* MetallicImage */ = {
			isa = PBXGroup;
			children = (
				84AEF8A32410E1F60041BCC1 /* Extensions */,
				843DB8BC240F0992005CCB77 /* Base */,
				843DB8BD240F0998005CCB77 /* Inputs */,
				843DB8BE240F09A1005CCB77 /* Outputs */,
				843DB8BF240F09A8005CCB77 /* Filters */,
				849825A52433C82F0084BEAB /* Resources */,
			);
			path = MetallicImage;
			sourceTree = "<group>";
		};
		843DB8BC240F0992005CCB77 /* Base */ = {
			isa = PBXGroup;
			children = (
				843DB8C1240F09E4005CCB77 /* MIContext.swift */,
				843DB8C0240F09E4005CCB77 /* Pipeline.swift */,
				8414719524266A910004765D /* Texture.swift */,
				8414719D242688D10004765D /* ImageOrientation.swift */,
				849825A1243391AF0084BEAB /* Rendering.swift */,
				8427CE8F246D61BC000780FD /* ResizeTexture.swift */,
			);
			path = Base;
			sourceTree = "<group>";
		};
		843DB8BD240F0998005CCB77 /* Inputs */ = {
			isa = PBXGroup;
			children = (
				841471A12426AC1F0004765D /* PictureInput.swift */,
				8487685E2458087C005D290E /* Camera.swift */,
			);
			path = Inputs;
			sourceTree = "<group>";
		};
		843DB8BE240F09A1005CCB77 /* Outputs */ = {
			isa = PBXGroup;
			children = (
				847D657C241EA5840034D900 /* ImageView.swift */,
				84CFC19824322B1900774234 /* PictureOutput.swift */,
				84EE8D1F2469C1D600F67F45 /* MovieOutput.swift */,
			);
			path = Outputs;
			sourceTree = "<group>";
		};
		843DB8BF240F09A8005CCB77 /* Filters */ = {
			isa = PBXGroup;
			children = (
				849FA7552443E18C00CDEE2C /* BasicFilter.swift */,
				845F4A1D244B8FA100A0104B /* MPS Filters */,
				844311AD2450276200CA3151 /* Pixel */,
				84EB5AAE246F0BF600F157A9 /* Effects */,
			);
			path = Filters;
			sourceTree = "<group>";
		};
		844311AD2450276200CA3151 /* Pixel */ = {
			isa = PBXGroup;
			children = (
				843FED90246C0BC40091C63E /* BrightnessAdjustment.swift */,
				844311AE2450278400CA3151 /* SatuationAdjustment.swift */,
				843FED94246C14BF0091C63E /* ContrastAdjustment.swift */,
				84EB5AAA246F04F700F157A9 /* HueAdjustment.swift */,
				8428C1CC246EE2BB002E5F7D /* WhiteBalance.swift */,
			);
			path = Pixel;
			sourceTree = "<group>";
		};
		845F4A1D244B8FA100A0104B /* MPS Filters */ = {
			isa = PBXGroup;
			children = (
				84D8EAEF244BC4D6004AB8B7 /* BasicMPSFilter.swift */,
				847BDACA2446649F001285D3 /* BoxBlur.swift */,
				84A38CCA2468266D00BAF107 /* TentBlur.swift */,
				84D8EAF3244C02DA004AB8B7 /* GaussianBlur.swift */,
				8428C1C8246DEC6D002E5F7D /* MedianBlur.swift */,
				8428C1C0246DD1B2002E5F7D /* SobelEdgeDetection.swift */,
				8428C1C4246DD7E9002E5F7D /* LaplacianEdgeDetection.swift */,
				847D5C5F245267B300B6261E /* AreaMax.swift */,
				84433A102461AA3800701FDE /* AreaMin.swift */,
				8473CD3F246C91AE001A6F19 /* LanzosScale.swift */,
				8427CE8B246D5C46000780FD /* BilinearScale.swift */,
				84B1E0E1247AF20C0045A555 /* ThresholdBinary.swift */,
			);
			path = "MPS Filters";
			sourceTree = "<group>";
		};
		849825A52433C82F0084BEAB /* Resources */ = {
			isa = PBXGroup;
			children = (
				844311A92450263100CA3151 /* ShaderTypes.h */,
				849825A62433C8700084BEAB /* Basic.metal */,
				84921925244F91170050EBE3 /* Shaders.metal */,
			);
			path = Resources;
			sourceTree = "<group>";
		};
		84AEF8A32410E1F60041BCC1 /* Extensions */ = {
			isa = PBXGroup;
			children = (
				848E5575242D2D3E008952A0 /* MTLCommandBuffer+Rendering.swift */,
				84A38CC6246733B500BAF107 /* CGSize+Flip.swift */,
			);
			path = Extensions;
			sourceTree = "<group>";
		};
		84EB5AAE246F0BF600F157A9 /* Effects */ = {
			isa = PBXGroup;
			children = (
				84EB5AAF246F0C6800F157A9 /* Sharpen.swift */,
			);
			path = Effects;
			sourceTree = "<group>";
		};
		84F6A926240F906200B22DD9 /* Frameworks */ = {
			isa = PBXGroup;
			children = (
				84F6A936240F91C500B22DD9 /* libswiftDispatch.tbd */,
				84F6A932240F907800B22DD9 /* Metal.framework */,
				84F6A931240F907800B22DD9 /* MetalKit.framework */,
				84F6A930240F907800B22DD9 /* MetalPerformanceShaders.framework */,
				84F6A928240F906200B22DD9 /* Metal.framework */,
				84F6A929240F906200B22DD9 /* MetalKit.framework */,
				84F6A927240F906200B22DD9 /* MetalPerformanceShaders.framework */,
			);
			name = Frameworks;
			sourceTree = "<group>";
		};
/* End PBXGroup section */

/* Begin PBXHeadersBuildPhase section */
		843DB885240F0438005CCB77 /* Headers */ = {
			isa = PBXHeadersBuildPhase;
			buildActionMask = 2147483647;
			files = (
				844311AA2450263100CA3151 /* ShaderTypes.h in Headers */,
			);
			runOnlyForDeploymentPostprocessing = 0;
		};
		843DB8A2240F04A0005CCB77 /* Headers */ = {
			isa = PBXHeadersBuildPhase;
			buildActionMask = 2147483647;
			files = (
				844311AB2450263100CA3151 /* ShaderTypes.h in Headers */,
			);
			runOnlyForDeploymentPostprocessing = 0;
		};
		843DB8AF240F0619005CCB77 /* Headers */ = {
			isa = PBXHeadersBuildPhase;
			buildActionMask = 2147483647;
			files = (
				844311AC2450263100CA3151 /* ShaderTypes.h in Headers */,
			);
			runOnlyForDeploymentPostprocessing = 0;
		};
/* End PBXHeadersBuildPhase section */

/* Begin PBXNativeTarget section */
		843DB889240F0438005CCB77 /* MetallicImage_iOS */ = {
			isa = PBXNativeTarget;
			buildConfigurationList = 843DB892240F0438005CCB77 /* Build configuration list for PBXNativeTarget "MetallicImage_iOS" */;
			buildPhases = (
				843DB885240F0438005CCB77 /* Headers */,
				843DB886240F0438005CCB77 /* Sources */,
				843DB887240F0438005CCB77 /* Frameworks */,
				843DB888240F0438005CCB77 /* Resources */,
			);
			buildRules = (
			);
			dependencies = (
			);
			name = MetallicImage_iOS;
			productName = MetallicImage;
			productReference = 843DB88A240F0438005CCB77 /* MetallicImage.framework */;
			productType = "com.apple.product-type.framework";
		};
		843DB8A6240F04A0005CCB77 /* MetallicImage_macOS */ = {
			isa = PBXNativeTarget;
			buildConfigurationList = 843DB8AC240F04A0005CCB77 /* Build configuration list for PBXNativeTarget "MetallicImage_macOS" */;
			buildPhases = (
				843DB8A2240F04A0005CCB77 /* Headers */,
				843DB8A3240F04A0005CCB77 /* Sources */,
				843DB8A4240F04A0005CCB77 /* Frameworks */,
				843DB8A5240F04A0005CCB77 /* Resources */,
			);
			buildRules = (
			);
			dependencies = (
			);
			name = MetallicImage_macOS;
			productName = MetallicImage;
			productReference = 843DB8A7240F04A0005CCB77 /* MetallicImage.framework */;
			productType = "com.apple.product-type.framework";
		};
		843DB8B3240F0619005CCB77 /* MetallicImage_tvOS */ = {
			isa = PBXNativeTarget;
			buildConfigurationList = 843DB8B9240F0619005CCB77 /* Build configuration list for PBXNativeTarget "MetallicImage_tvOS" */;
			buildPhases = (
				843DB8AF240F0619005CCB77 /* Headers */,
				843DB8B0240F0619005CCB77 /* Sources */,
				843DB8B1240F0619005CCB77 /* Frameworks */,
				843DB8B2240F0619005CCB77 /* Resources */,
			);
			buildRules = (
			);
			dependencies = (
			);
			name = MetallicImage_tvOS;
			productName = MetallicImage;
			productReference = 843DB8B4240F0619005CCB77 /* MetallicImage.framework */;
			productType = "com.apple.product-type.framework";
		};
/* End PBXNativeTarget section */

/* Begin PBXProject section */
		843DB881240F0438005CCB77 /* Project object */ = {
			isa = PBXProject;
			attributes = {
				LastUpgradeCheck = 1130;
				ORGANIZATIONNAME = "Xerol Wong";
				TargetAttributes = {
					843DB889240F0438005CCB77 = {
						CreatedOnToolsVersion = 11.3.1;
						LastSwiftMigration = 1130;
					};
					843DB8A6240F04A0005CCB77 = {
						CreatedOnToolsVersion = 11.3.1;
						LastSwiftMigration = 1130;
					};
					843DB8B3240F0619005CCB77 = {
						CreatedOnToolsVersion = 11.3.1;
						LastSwiftMigration = 1130;
					};
				};
			};
			buildConfigurationList = 843DB884240F0438005CCB77 /* Build configuration list for PBXProject "MetallicImage" */;
			compatibilityVersion = "Xcode 9.3";
			developmentRegion = en;
			hasScannedForEncodings = 0;
			knownRegions = (
				en,
				Base,
			);
			mainGroup = 843DB880240F0438005CCB77;
			productRefGroup = 843DB88B240F0438005CCB77 /* Products */;
			projectDirPath = "";
			projectRoot = "";
			targets = (
				843DB889240F0438005CCB77 /* MetallicImage_iOS */,
				843DB8A6240F04A0005CCB77 /* MetallicImage_macOS */,
				843DB8B3240F0619005CCB77 /* MetallicImage_tvOS */,
			);
		};
/* End PBXProject section */

/* Begin PBXResourcesBuildPhase section */
		843DB888240F0438005CCB77 /* Resources */ = {
			isa = PBXResourcesBuildPhase;
			buildActionMask = 2147483647;
			files = (
			);
			runOnlyForDeploymentPostprocessing = 0;
		};
		843DB8A5240F04A0005CCB77 /* Resources */ = {
			isa = PBXResourcesBuildPhase;
			buildActionMask = 2147483647;
			files = (
			);
			runOnlyForDeploymentPostprocessing = 0;
		};
		843DB8B2240F0619005CCB77 /* Resources */ = {
			isa = PBXResourcesBuildPhase;
			buildActionMask = 2147483647;
			files = (
			);
			runOnlyForDeploymentPostprocessing = 0;
		};
/* End PBXResourcesBuildPhase section */

/* Begin PBXSourcesBuildPhase section */
		843DB886240F0438005CCB77 /* Sources */ = {
			isa = PBXSourcesBuildPhase;
			buildActionMask = 2147483647;
			files = (
				841471A22426AC1F0004765D /* PictureInput.swift in Sources */,
				849825A72433C8700084BEAB /* Basic.metal in Sources */,
				8427CE8C246D5C46000780FD /* BilinearScale.swift in Sources */,
				8428C1C9246DEC6D002E5F7D /* MedianBlur.swift in Sources */,
				847D657D241EA5840034D900 /* ImageView.swift in Sources */,
				84EB5AB0246F0C6800F157A9 /* Sharpen.swift in Sources */,
				84433A112461AA3800701FDE /* AreaMin.swift in Sources */,
				847D5C60245267B300B6261E /* AreaMax.swift in Sources */,
				84CFC19924322B1900774234 /* PictureOutput.swift in Sources */,
				8414719E242688D10004765D /* ImageOrientation.swift in Sources */,
				84D8EAF0244BC4D6004AB8B7 /* BasicMPSFilter.swift in Sources */,
				847BDACB2446649F001285D3 /* BoxBlur.swift in Sources */,
				84B1E0E2247AF20C0045A555 /* ThresholdBinary.swift in Sources */,
				8487685F2458087C005D290E /* Camera.swift in Sources */,
				843FED91246C0BC40091C63E /* BrightnessAdjustment.swift in Sources */,
				8428C1C5246DD7E9002E5F7D /* LaplacianEdgeDetection.swift in Sources */,
				849825A2243391AF0084BEAB /* Rendering.swift in Sources */,
				84EB5AAB246F04F700F157A9 /* HueAdjustment.swift in Sources */,
				84A38CC7246733B500BAF107 /* CGSize+Flip.swift in Sources */,
				843DB8C5240F09E4005CCB77 /* MIContext.swift in Sources */,
				8428C1C1246DD1B2002E5F7D /* SobelEdgeDetection.swift in Sources */,
				84EE8D202469C1D600F67F45 /* MovieOutput.swift in Sources */,
				84921926244F91170050EBE3 /* Shaders.metal in Sources */,
				843FED95246C14BF0091C63E /* ContrastAdjustment.swift in Sources */,
				8428C1CD246EE2BB002E5F7D /* WhiteBalance.swift in Sources */,
				8473CD40246C91AE001A6F19 /* LanzosScale.swift in Sources */,
				849FA7562443E18C00CDEE2C /* BasicFilter.swift in Sources */,
				844311AF2450278400CA3151 /* SatuationAdjustment.swift in Sources */,
				843DB8C2240F09E4005CCB77 /* Pipeline.swift in Sources */,
				8414719624266A910004765D /* Texture.swift in Sources */,
				848E5576242D2D3E008952A0 /* MTLCommandBuffer+Rendering.swift in Sources */,
				84D8EAF4244C02DA004AB8B7 /* GaussianBlur.swift in Sources */,
				8427CE90246D61BC000780FD /* ResizeTexture.swift in Sources */,
				84A38CCB2468266D00BAF107 /* TentBlur.swift in Sources */,
			);
			runOnlyForDeploymentPostprocessing = 0;
		};
		843DB8A3240F04A0005CCB77 /* Sources */ = {
			isa = PBXSourcesBuildPhase;
			buildActionMask = 2147483647;
			files = (
				841471A32426AC1F0004765D /* PictureInput.swift in Sources */,
				849825A82433C8700084BEAB /* Basic.metal in Sources */,
				8427CE8D246D5C46000780FD /* BilinearScale.swift in Sources */,
				8428C1CA246DEC6D002E5F7D /* MedianBlur.swift in Sources */,
				847D657E241EA5840034D900 /* ImageView.swift in Sources */,
				84EB5AB1246F0C6800F157A9 /* Sharpen.swift in Sources */,
				84433A122461AA3800701FDE /* AreaMin.swift in Sources */,
				847D5C61245267B300B6261E /* AreaMax.swift in Sources */,
				84CFC19A24322B1900774234 /* PictureOutput.swift in Sources */,
				8414719F242688D10004765D /* ImageOrientation.swift in Sources */,
				84D8EAF1244BC4D6004AB8B7 /* BasicMPSFilter.swift in Sources */,
				847BDACC2446649F001285D3 /* BoxBlur.swift in Sources */,
				84B1E0E3247AF20C0045A555 /* ThresholdBinary.swift in Sources */,
				848768602458087C005D290E /* Camera.swift in Sources */,
				843FED92246C0BC40091C63E /* BrightnessAdjustment.swift in Sources */,
				8428C1C6246DD7E9002E5F7D /* LaplacianEdgeDetection.swift in Sources */,
				849825A3243391AF0084BEAB /* Rendering.swift in Sources */,
				84EB5AAC246F04F700F157A9 /* HueAdjustment.swift in Sources */,
				84A38CC8246733B500BAF107 /* CGSize+Flip.swift in Sources */,
				843DB8C6240F09E4005CCB77 /* MIContext.swift in Sources */,
				8428C1C2246DD1B2002E5F7D /* SobelEdgeDetection.swift in Sources */,
				84EE8D212469C1D600F67F45 /* MovieOutput.swift in Sources */,
				84921927244F91170050EBE3 /* Shaders.metal in Sources */,
				843FED96246C14BF0091C63E /* ContrastAdjustment.swift in Sources */,
				8428C1CE246EE2BB002E5F7D /* WhiteBalance.swift in Sources */,
				8473CD41246C91AE001A6F19 /* LanzosScale.swift in Sources */,
				849FA7572443E18C00CDEE2C /* BasicFilter.swift in Sources */,
				844311B02450278400CA3151 /* SatuationAdjustment.swift in Sources */,
				843DB8C3240F09E4005CCB77 /* Pipeline.swift in Sources */,
				8414719724266A910004765D /* Texture.swift in Sources */,
				848E5577242D2D3E008952A0 /* MTLCommandBuffer+Rendering.swift in Sources */,
				84D8EAF5244C02DA004AB8B7 /* GaussianBlur.swift in Sources */,
				8427CE91246D61BC000780FD /* ResizeTexture.swift in Sources */,
				84A38CCC2468266D00BAF107 /* TentBlur.swift in Sources */,
			);
			runOnlyForDeploymentPostprocessing = 0;
		};
		843DB8B0240F0619005CCB77 /* Sources */ = {
			isa = PBXSourcesBuildPhase;
			buildActionMask = 2147483647;
			files = (
				841471A42426AC1F0004765D /* PictureInput.swift in Sources */,
				849825A92433C8700084BEAB /* Basic.metal in Sources */,
				8427CE8E246D5C46000780FD /* BilinearScale.swift in Sources */,
				8428C1CB246DEC6D002E5F7D /* MedianBlur.swift in Sources */,
				847D657F241EA5840034D900 /* ImageView.swift in Sources */,
				84EB5AB2246F0C6800F157A9 /* Sharpen.swift in Sources */,
				84433A132461AA3800701FDE /* AreaMin.swift in Sources */,
				847D5C62245267B300B6261E /* AreaMax.swift in Sources */,
				84CFC19B24322B1900774234 /* PictureOutput.swift in Sources */,
				841471A0242688D10004765D /* ImageOrientation.swift in Sources */,
				84D8EAF2244BC4D6004AB8B7 /* BasicMPSFilter.swift in Sources */,
				847BDACD2446649F001285D3 /* BoxBlur.swift in Sources */,
				84B1E0E4247AF20C0045A555 /* ThresholdBinary.swift in Sources */,
				848768612458087C005D290E /* Camera.swift in Sources */,
				843FED93246C0BC40091C63E /* BrightnessAdjustment.swift in Sources */,
				8428C1C7246DD7E9002E5F7D /* LaplacianEdgeDetection.swift in Sources */,
				849825A4243391AF0084BEAB /* Rendering.swift in Sources */,
				84EB5AAD246F04F700F157A9 /* HueAdjustment.swift in Sources */,
				84A38CC9246733B500BAF107 /* CGSize+Flip.swift in Sources */,
				843DB8C7240F09E4005CCB77 /* MIContext.swift in Sources */,
				8428C1C3246DD1B2002E5F7D /* SobelEdgeDetection.swift in Sources */,
				84EE8D222469C1D600F67F45 /* MovieOutput.swift in Sources */,
				84921928244F91170050EBE3 /* Shaders.metal in Sources */,
				843FED97246C14BF0091C63E /* ContrastAdjustment.swift in Sources */,
				8428C1CF246EE2BB002E5F7D /* WhiteBalance.swift in Sources */,
				8473CD42246C91AE001A6F19 /* LanzosScale.swift in Sources */,
				849FA7582443E18C00CDEE2C /* BasicFilter.swift in Sources */,
				844311B12450278400CA3151 /* SatuationAdjustment.swift in Sources */,
				843DB8C4240F09E4005CCB77 /* Pipeline.swift in Sources */,
				8414719824266A910004765D /* Texture.swift in Sources */,
				848E5578242D2D3E008952A0 /* MTLCommandBuffer+Rendering.swift in Sources */,
				84D8EAF6244C02DA004AB8B7 /* GaussianBlur.swift in Sources */,
				8427CE92246D61BC000780FD /* ResizeTexture.swift in Sources */,
				84A38CCD2468266D00BAF107 /* TentBlur.swift in Sources */,
			);
			runOnlyForDeploymentPostprocessing = 0;
		};
/* End PBXSourcesBuildPhase section */

/* Begin XCBuildConfiguration section */
		843DB890240F0438005CCB77 /* Debug */ = {
			isa = XCBuildConfiguration;
			buildSettings = {
				ALWAYS_SEARCH_USER_PATHS = NO;
				CLANG_ANALYZER_NONNULL = YES;
				CLANG_ANALYZER_NUMBER_OBJECT_CONVERSION = YES_AGGRESSIVE;
				CLANG_CXX_LANGUAGE_STANDARD = "gnu++14";
				CLANG_CXX_LIBRARY = "libc++";
				CLANG_ENABLE_MODULES = YES;
				CLANG_ENABLE_OBJC_ARC = YES;
				CLANG_ENABLE_OBJC_WEAK = YES;
				CLANG_WARN_BLOCK_CAPTURE_AUTORELEASING = YES;
				CLANG_WARN_BOOL_CONVERSION = YES;
				CLANG_WARN_COMMA = YES;
				CLANG_WARN_CONSTANT_CONVERSION = YES;
				CLANG_WARN_DEPRECATED_OBJC_IMPLEMENTATIONS = YES;
				CLANG_WARN_DIRECT_OBJC_ISA_USAGE = YES_ERROR;
				CLANG_WARN_DOCUMENTATION_COMMENTS = YES;
				CLANG_WARN_EMPTY_BODY = YES;
				CLANG_WARN_ENUM_CONVERSION = YES;
				CLANG_WARN_INFINITE_RECURSION = YES;
				CLANG_WARN_INT_CONVERSION = YES;
				CLANG_WARN_NON_LITERAL_NULL_CONVERSION = YES;
				CLANG_WARN_OBJC_IMPLICIT_RETAIN_SELF = YES;
				CLANG_WARN_OBJC_LITERAL_CONVERSION = YES;
				CLANG_WARN_OBJC_ROOT_CLASS = YES_ERROR;
				CLANG_WARN_RANGE_LOOP_ANALYSIS = YES;
				CLANG_WARN_STRICT_PROTOTYPES = YES;
				CLANG_WARN_SUSPICIOUS_MOVE = YES;
				CLANG_WARN_UNGUARDED_AVAILABILITY = YES_AGGRESSIVE;
				CLANG_WARN_UNREACHABLE_CODE = YES;
				CLANG_WARN__DUPLICATE_METHOD_MATCH = YES;
				COPY_PHASE_STRIP = NO;
				CURRENT_PROJECT_VERSION = 1;
				DEBUG_INFORMATION_FORMAT = dwarf;
				ENABLE_STRICT_OBJC_MSGSEND = YES;
				ENABLE_TESTABILITY = YES;
				GCC_C_LANGUAGE_STANDARD = gnu11;
				GCC_DYNAMIC_NO_PIC = NO;
				GCC_NO_COMMON_BLOCKS = YES;
				GCC_OPTIMIZATION_LEVEL = 0;
				GCC_PREPROCESSOR_DEFINITIONS = (
					"DEBUG=1",
					"$(inherited)",
				);
				GCC_WARN_64_TO_32_BIT_CONVERSION = YES;
				GCC_WARN_ABOUT_RETURN_TYPE = YES_ERROR;
				GCC_WARN_UNDECLARED_SELECTOR = YES;
				GCC_WARN_UNINITIALIZED_AUTOS = YES_AGGRESSIVE;
				GCC_WARN_UNUSED_FUNCTION = YES;
				GCC_WARN_UNUSED_VARIABLE = YES;
				IPHONEOS_DEPLOYMENT_TARGET = 13.2;
				MTL_ENABLE_DEBUG_INFO = INCLUDE_SOURCE;
				MTL_FAST_MATH = YES;
				ONLY_ACTIVE_ARCH = YES;
				SDKROOT = iphoneos;
				SWIFT_ACTIVE_COMPILATION_CONDITIONS = DEBUG;
				SWIFT_OPTIMIZATION_LEVEL = "-Onone";
				VERSIONING_SYSTEM = "apple-generic";
				VERSION_INFO_PREFIX = "";
			};
			name = Debug;
		};
		843DB891240F0438005CCB77 /* Release */ = {
			isa = XCBuildConfiguration;
			buildSettings = {
				ALWAYS_SEARCH_USER_PATHS = NO;
				CLANG_ANALYZER_NONNULL = YES;
				CLANG_ANALYZER_NUMBER_OBJECT_CONVERSION = YES_AGGRESSIVE;
				CLANG_CXX_LANGUAGE_STANDARD = "gnu++14";
				CLANG_CXX_LIBRARY = "libc++";
				CLANG_ENABLE_MODULES = YES;
				CLANG_ENABLE_OBJC_ARC = YES;
				CLANG_ENABLE_OBJC_WEAK = YES;
				CLANG_WARN_BLOCK_CAPTURE_AUTORELEASING = YES;
				CLANG_WARN_BOOL_CONVERSION = YES;
				CLANG_WARN_COMMA = YES;
				CLANG_WARN_CONSTANT_CONVERSION = YES;
				CLANG_WARN_DEPRECATED_OBJC_IMPLEMENTATIONS = YES;
				CLANG_WARN_DIRECT_OBJC_ISA_USAGE = YES_ERROR;
				CLANG_WARN_DOCUMENTATION_COMMENTS = YES;
				CLANG_WARN_EMPTY_BODY = YES;
				CLANG_WARN_ENUM_CONVERSION = YES;
				CLANG_WARN_INFINITE_RECURSION = YES;
				CLANG_WARN_INT_CONVERSION = YES;
				CLANG_WARN_NON_LITERAL_NULL_CONVERSION = YES;
				CLANG_WARN_OBJC_IMPLICIT_RETAIN_SELF = YES;
				CLANG_WARN_OBJC_LITERAL_CONVERSION = YES;
				CLANG_WARN_OBJC_ROOT_CLASS = YES_ERROR;
				CLANG_WARN_RANGE_LOOP_ANALYSIS = YES;
				CLANG_WARN_STRICT_PROTOTYPES = YES;
				CLANG_WARN_SUSPICIOUS_MOVE = YES;
				CLANG_WARN_UNGUARDED_AVAILABILITY = YES_AGGRESSIVE;
				CLANG_WARN_UNREACHABLE_CODE = YES;
				CLANG_WARN__DUPLICATE_METHOD_MATCH = YES;
				COPY_PHASE_STRIP = NO;
				CURRENT_PROJECT_VERSION = 1;
				DEBUG_INFORMATION_FORMAT = "dwarf-with-dsym";
				ENABLE_NS_ASSERTIONS = NO;
				ENABLE_STRICT_OBJC_MSGSEND = YES;
				GCC_C_LANGUAGE_STANDARD = gnu11;
				GCC_NO_COMMON_BLOCKS = YES;
				GCC_WARN_64_TO_32_BIT_CONVERSION = YES;
				GCC_WARN_ABOUT_RETURN_TYPE = YES_ERROR;
				GCC_WARN_UNDECLARED_SELECTOR = YES;
				GCC_WARN_UNINITIALIZED_AUTOS = YES_AGGRESSIVE;
				GCC_WARN_UNUSED_FUNCTION = YES;
				GCC_WARN_UNUSED_VARIABLE = YES;
				IPHONEOS_DEPLOYMENT_TARGET = 13.2;
				MTL_ENABLE_DEBUG_INFO = NO;
				MTL_FAST_MATH = YES;
				SDKROOT = iphoneos;
				SWIFT_COMPILATION_MODE = wholemodule;
				SWIFT_OPTIMIZATION_LEVEL = "-O";
				VALIDATE_PRODUCT = YES;
				VERSIONING_SYSTEM = "apple-generic";
				VERSION_INFO_PREFIX = "";
			};
			name = Release;
		};
		843DB893240F0438005CCB77 /* Debug */ = {
			isa = XCBuildConfiguration;
			buildSettings = {
				CLANG_ENABLE_MODULES = YES;
				CODE_SIGN_STYLE = Automatic;
				DEAD_CODE_STRIPPING = YES;
				DEFINES_MODULE = YES;
				DYLIB_COMPATIBILITY_VERSION = 1;
				DYLIB_CURRENT_VERSION = 1;
				DYLIB_INSTALL_NAME_BASE = "@rpath";
				INFOPLIST_FILE = "$(SRCROOT)/MetallicImage.xcodeproj/Info.plist";
				INSTALL_PATH = "$(LOCAL_LIBRARY_DIR)/Frameworks";
				IPHONEOS_DEPLOYMENT_TARGET = 9.0;
				LD_RUNPATH_SEARCH_PATHS = (
					"$(inherited)",
					"@executable_path/Frameworks",
					"@loader_path/Frameworks",
				);
				LINK_WITH_STANDARD_LIBRARIES = YES;
				MACH_O_TYPE = mh_dylib;
				ONLY_ACTIVE_ARCH = NO;
				PRODUCT_BUNDLE_IDENTIFIER = com.ixerol.MetallicImage;
				PRODUCT_NAME = MetallicImage;
				SKIP_INSTALL = YES;
				"SWIFT_ACTIVE_COMPILATION_CONDITIONS[sdk=iphoneos14.0]" = XCODE_12;
				SWIFT_OPTIMIZATION_LEVEL = "-Onone";
				SWIFT_VERSION = 5.0;
				TARGETED_DEVICE_FAMILY = "1,2";
				VALID_ARCHS = "arm64 arm64e armv7 armv7s x86_64";
			};
			name = Debug;
		};
		843DB894240F0438005CCB77 /* Release */ = {
			isa = XCBuildConfiguration;
			buildSettings = {
				CLANG_ENABLE_MODULES = YES;
				CODE_SIGN_STYLE = Automatic;
				DEAD_CODE_STRIPPING = YES;
				DEFINES_MODULE = YES;
				DYLIB_COMPATIBILITY_VERSION = 1;
				DYLIB_CURRENT_VERSION = 1;
				DYLIB_INSTALL_NAME_BASE = "@rpath";
				INFOPLIST_FILE = "$(SRCROOT)/MetallicImage.xcodeproj/Info.plist";
				INSTALL_PATH = "$(LOCAL_LIBRARY_DIR)/Frameworks";
				IPHONEOS_DEPLOYMENT_TARGET = 9.0;
				LD_RUNPATH_SEARCH_PATHS = (
					"$(inherited)",
					"@executable_path/Frameworks",
					"@loader_path/Frameworks",
				);
				LINK_WITH_STANDARD_LIBRARIES = YES;
				MACH_O_TYPE = mh_dylib;
				ONLY_ACTIVE_ARCH = NO;
				PRODUCT_BUNDLE_IDENTIFIER = com.ixerol.MetallicImage;
				PRODUCT_NAME = MetallicImage;
				SKIP_INSTALL = YES;
				"SWIFT_ACTIVE_COMPILATION_CONDITIONS[sdk=iphoneos14.0]" = XCODE_12;
				SWIFT_VERSION = 5.0;
				TARGETED_DEVICE_FAMILY = "1,2";
				VALID_ARCHS = "arm64 arm64e armv7 armv7s x86_64";
			};
			name = Release;
		};
		843DB8AD240F04A0005CCB77 /* Debug */ = {
			isa = XCBuildConfiguration;
			buildSettings = {
				CLANG_ENABLE_MODULES = YES;
				CODE_SIGN_STYLE = Automatic;
				COMBINE_HIDPI_IMAGES = YES;
				DEFINES_MODULE = YES;
				DYLIB_COMPATIBILITY_VERSION = 1;
				DYLIB_CURRENT_VERSION = 1;
				DYLIB_INSTALL_NAME_BASE = "@rpath";
				INFOPLIST_FILE = "$(SRCROOT)/MetallicImage.xcodeproj/Info.plist";
				INSTALL_PATH = "$(LOCAL_LIBRARY_DIR)/Frameworks";
				LD_RUNPATH_SEARCH_PATHS = (
					"$(inherited)",
					"@executable_path/../Frameworks",
					"@loader_path/Frameworks",
				);
				LINK_WITH_STANDARD_LIBRARIES = YES;
				MACOSX_DEPLOYMENT_TARGET = 10.13;
				ONLY_ACTIVE_ARCH = NO;
				PRODUCT_BUNDLE_IDENTIFIER = com.ixerol.MetallicImage;
				PRODUCT_NAME = MetallicImage;
				SDKROOT = macosx;
				SKIP_INSTALL = YES;
				SWIFT_OPTIMIZATION_LEVEL = "-Onone";
				SWIFT_VERSION = 5.0;
			};
			name = Debug;
		};
		843DB8AE240F04A0005CCB77 /* Release */ = {
			isa = XCBuildConfiguration;
			buildSettings = {
				CLANG_ENABLE_MODULES = YES;
				CODE_SIGN_STYLE = Automatic;
				COMBINE_HIDPI_IMAGES = YES;
				DEFINES_MODULE = YES;
				DYLIB_COMPATIBILITY_VERSION = 1;
				DYLIB_CURRENT_VERSION = 1;
				DYLIB_INSTALL_NAME_BASE = "@rpath";
				INFOPLIST_FILE = "$(SRCROOT)/MetallicImage.xcodeproj/Info.plist";
				INSTALL_PATH = "$(LOCAL_LIBRARY_DIR)/Frameworks";
				LD_RUNPATH_SEARCH_PATHS = (
					"$(inherited)",
					"@executable_path/../Frameworks",
					"@loader_path/Frameworks",
				);
				LINK_WITH_STANDARD_LIBRARIES = YES;
				MACOSX_DEPLOYMENT_TARGET = 10.13;
				PRODUCT_BUNDLE_IDENTIFIER = com.ixerol.MetallicImage;
				PRODUCT_NAME = MetallicImage;
				SDKROOT = macosx;
				SKIP_INSTALL = YES;
				SWIFT_VERSION = 5.0;
			};
			name = Release;
		};
		843DB8BA240F0619005CCB77 /* Debug */ = {
			isa = XCBuildConfiguration;
			buildSettings = {
				CLANG_ENABLE_MODULES = YES;
				CODE_SIGN_STYLE = Automatic;
				DEAD_CODE_STRIPPING = NO;
				DEFINES_MODULE = YES;
				DYLIB_COMPATIBILITY_VERSION = 1;
				DYLIB_CURRENT_VERSION = 1;
				DYLIB_INSTALL_NAME_BASE = "@rpath";
				INFOPLIST_FILE = "$(SRCROOT)/MetallicImage.xcodeproj/Info.plist";
				INSTALL_PATH = "$(LOCAL_LIBRARY_DIR)/Frameworks";
				LD_RUNPATH_SEARCH_PATHS = (
					"$(inherited)",
					"@executable_path/Frameworks",
					"@loader_path/Frameworks",
				);
				LINK_WITH_STANDARD_LIBRARIES = YES;
				ONLY_ACTIVE_ARCH = NO;
				PRODUCT_BUNDLE_IDENTIFIER = com.ixerol.MetallicImage;
				PRODUCT_NAME = MetallicImage;
				SDKROOT = appletvos;
				SKIP_INSTALL = YES;
				SWIFT_OPTIMIZATION_LEVEL = "-Onone";
				SWIFT_VERSION = 5.0;
				TARGETED_DEVICE_FAMILY = 3;
				TVOS_DEPLOYMENT_TARGET = 9.0;
			};
			name = Debug;
		};
		843DB8BB240F0619005CCB77 /* Release */ = {
			isa = XCBuildConfiguration;
			buildSettings = {
				CLANG_ENABLE_MODULES = YES;
				CODE_SIGN_STYLE = Automatic;
				DEAD_CODE_STRIPPING = NO;
				DEFINES_MODULE = YES;
				DYLIB_COMPATIBILITY_VERSION = 1;
				DYLIB_CURRENT_VERSION = 1;
				DYLIB_INSTALL_NAME_BASE = "@rpath";
				INFOPLIST_FILE = "$(SRCROOT)/MetallicImage.xcodeproj/Info.plist";
				INSTALL_PATH = "$(LOCAL_LIBRARY_DIR)/Frameworks";
				LD_RUNPATH_SEARCH_PATHS = (
					"$(inherited)",
					"@executable_path/Frameworks",
					"@loader_path/Frameworks",
				);
				LINK_WITH_STANDARD_LIBRARIES = YES;
				PRODUCT_BUNDLE_IDENTIFIER = com.ixerol.MetallicImage;
				PRODUCT_NAME = MetallicImage;
				SDKROOT = appletvos;
				SKIP_INSTALL = YES;
				SWIFT_VERSION = 5.0;
				TARGETED_DEVICE_FAMILY = 3;
				TVOS_DEPLOYMENT_TARGET = 9.0;
			};
			name = Release;
		};
/* End XCBuildConfiguration section */

/* Begin XCConfigurationList section */
		843DB884240F0438005CCB77 /* Build configuration list for PBXProject "MetallicImage" */ = {
			isa = XCConfigurationList;
			buildConfigurations = (
				843DB890240F0438005CCB77 /* Debug */,
				843DB891240F0438005CCB77 /* Release */,
			);
			defaultConfigurationIsVisible = 0;
			defaultConfigurationName = Release;
		};
		843DB892240F0438005CCB77 /* Build configuration list for PBXNativeTarget "MetallicImage_iOS" */ = {
			isa = XCConfigurationList;
			buildConfigurations = (
				843DB893240F0438005CCB77 /* Debug */,
				843DB894240F0438005CCB77 /* Release */,
			);
			defaultConfigurationIsVisible = 0;
			defaultConfigurationName = Release;
		};
		843DB8AC240F04A0005CCB77 /* Build configuration list for PBXNativeTarget "MetallicImage_macOS" */ = {
			isa = XCConfigurationList;
			buildConfigurations = (
				843DB8AD240F04A0005CCB77 /* Debug */,
				843DB8AE240F04A0005CCB77 /* Release */,
			);
			defaultConfigurationIsVisible = 0;
			defaultConfigurationName = Release;
		};
		843DB8B9240F0619005CCB77 /* Build configuration list for PBXNativeTarget "MetallicImage_tvOS" */ = {
			isa = XCConfigurationList;
			buildConfigurations = (
				843DB8BA240F0619005CCB77 /* Debug */,
				843DB8BB240F0619005CCB77 /* Release */,
			);
			defaultConfigurationIsVisible = 0;
			defaultConfigurationName = Release;
		};
/* End XCConfigurationList section */
	};
	rootObject = 843DB881240F0438005CCB77 /* Project object */;
}
